{
  "requires": true,
  "lockfileVersion": 1,
  "dependencies": {
    "@hapi/address": {
      "version": "2.1.4",
      "resolved": "https://registry.npmjs.org/@hapi/address/-/address-2.1.4.tgz",
      "integrity": "sha512-QD1PhQk+s31P1ixsX0H0Suoupp3VMXzIVMSwobR3F3MSUO2YCV0B7xqLcUw/Bh8yuvd3LhpyqLQWTNcRmp6IdQ=="
    },
    "@hapi/bourne": {
      "version": "1.3.2",
      "resolved": "https://registry.npmjs.org/@hapi/bourne/-/bourne-1.3.2.tgz",
      "integrity": "sha512-1dVNHT76Uu5N3eJNTYcvxee+jzX4Z9lfciqRRHCU27ihbUcYi+iSc2iml5Ke1LXe1SyJCLA0+14Jh4tXJgOppA=="
    },
    "@hapi/hoek": {
      "version": "8.5.1",
      "resolved": "https://registry.npmjs.org/@hapi/hoek/-/hoek-8.5.1.tgz",
      "integrity": "sha512-yN7kbciD87WzLGc5539Tn0sApjyiGHAJgKvG9W8C7O+6c7qmoQMfVs0W4bX17eqz6C78QJqqFrtgdK5EWf6Qow=="
    },
    "@hapi/joi": {
      "version": "15.1.1",
      "resolved": "https://registry.npmjs.org/@hapi/joi/-/joi-15.1.1.tgz",
      "integrity": "sha512-entf8ZMOK8sc+8YfeOlM8pCfg3b5+WZIKBfUaaJT8UsjAAPjartzxIYm3TIbjvA4u+u++KbcXD38k682nVHDAQ==",
      "requires": {
        "@hapi/address": "2.x.x",
        "@hapi/bourne": "1.x.x",
        "@hapi/hoek": "8.x.x",
        "@hapi/topo": "3.x.x"
      }
    },
    "@hapi/topo": {
      "version": "3.1.6",
      "resolved": "https://registry.npmjs.org/@hapi/topo/-/topo-3.1.6.tgz",
      "integrity": "sha512-tAag0jEcjwH+P2quUfipd7liWCNX2F8NvYjQp2wtInsZxnMlypdw0FtAOLxtvvkO+GSRRbmNi8m/5y42PQJYCQ==",
      "requires": {
        "@hapi/hoek": "^8.3.0"
      }
    },
    "@rkusa/linebreak": {
      "version": "1.0.0",
      "resolved": "https://registry.npmjs.org/@rkusa/linebreak/-/linebreak-1.0.0.tgz",
      "integrity": "sha512-yCSm87XA1aYMgfcABSxcIkk3JtCw3AihNceHY+DnZGLvVP/g2z3UWZbi0xIoYpZWAJEVPr5Zt3QE37Q80wF1pA==",
      "requires": {
        "unicode-trie": "^0.3.0"
      }
    },
    "ics": {
      "version": "2.18.0",
      "resolved": "https://registry.npmjs.org/ics/-/ics-2.18.0.tgz",
      "integrity": "sha512-QEhHNWk8Bh/ukjnhXIDGoaphnPA6yiCUiym6k9slqv60SBfMVM7uM2jzLOpqQzgq+YArde3Qyf0+fz7XxLmPDQ==",
      "requires": {
        "@hapi/joi": "^15.1.1",
        "lodash": "^4.17.15",
        "moment": "^2.24.0",
        "uuid": "^3.3.3"
      }
    },
    "inherits": {
      "version": "2.0.4",
      "resolved": "https://registry.npmjs.org/inherits/-/inherits-2.0.4.tgz",
      "integrity": "sha512-k/vGaX4/Yla3WzyMCvTQOXYeIHvqOKtnqBduzTHpzpQZzAskKMhZ2K+EnBiSM9zGSoIFeMpXKxa4dYeZIQqewQ=="
    },
    "lodash": {
      "version": "4.17.15",
      "resolved": "https://registry.npmjs.org/lodash/-/lodash-4.17.15.tgz",
      "integrity": "sha512-8xOcRHvCjnocdS5cpwXQXVzmmh5e5+saE2QGoeQmbKmRS6J3VQppPOIt0MnmE+4xlZoumy0GPG0D0MVIQbNA1A=="
    },
    "moment": {
      "version": "2.24.0",
      "resolved": "https://registry.npmjs.org/moment/-/moment-2.24.0.tgz",
      "integrity": "sha512-bV7f+6l2QigeBBZSM/6yTNq4P2fNpSWj/0e7jQcy87A8e7o2nAfP/34/2ky5Vw4B9S446EtIhodAzkFCcR4dQg=="
    },
    "opentype.js": {
      "version": "1.1.0",
      "resolved": "https://registry.npmjs.org/opentype.js/-/opentype.js-1.1.0.tgz",
      "integrity": "sha512-SZimNGuUYrsGPk/nNCaytsrCWDbG+YB+G9Mzc6BM5XiIsIQpkhZa1QvSmNa+eN9xr1n+kBnBJih5YLVBviaJQg==",
      "requires": {
        "string.prototype.codepointat": "^0.2.1",
        "tiny-inflate": "^1.0.2"
      }
    },
    "pako": {
      "version": "1.0.10",
      "resolved": "https://registry.npmjs.org/pako/-/pako-1.0.10.tgz",
      "integrity": "sha512-0DTvPVU3ed8+HNXOu5Bs+o//Mbdj9VNQMUOe9oKCwh8l0GNwpTDMKCWbRjgtD291AWnkAgkqA/LOnQS8AmS1tw=="
    },
    "pdf-text-extract": {
      "version": "1.5.0",
      "resolved": "https://registry.npmjs.org/pdf-text-extract/-/pdf-text-extract-1.5.0.tgz",
      "integrity": "sha1-SmtkjZA/VVLUi9mETjZEZFK4XmA=",
      "requires": {
        "yargs": "^1.2.5"
      }
    },
    "pdf2json": {
      "version": "1.1.8",
      "resolved": "https://registry.npmjs.org/pdf2json/-/pdf2json-1.1.8.tgz",
      "integrity": "sha512-ka7l/w+4FM5vdI8X9UihxqdTispanZ72ZKsFdghwpBaHcIhXeWCO0qs81P9modFZHf7s4znf0sxc5k6wk6L4Og==",
      "requires": {
        "async": "^2.0.1",
        "lodash": "^4.15.0",
        "optimist": "^0.6.1",
        "xmldom": "^0.1.22"
      },
      "dependencies": {
        "async": {
          "version": "2.0.1",
          "bundled": true,
          "requires": {
            "lodash": "^4.8.0"
          }
        },
        "lodash": {
          "version": "4.15.0",
          "bundled": true
        },
        "minimist": {
          "version": "0.0.10",
          "bundled": true
        },
        "optimist": {
          "version": "0.6.1",
          "bundled": true,
          "requires": {
            "minimist": "~0.0.1",
            "wordwrap": "~0.0.2"
          }
        },
        "wordwrap": {
          "version": "0.0.3",
          "bundled": true
        },
        "xmldom": {
          "version": "0.1.22",
          "bundled": true
        }
      }
    },
    "pdfjs": {
      "version": "2.3.3",
      "resolved": "https://registry.npmjs.org/pdfjs/-/pdfjs-2.3.3.tgz",
      "integrity": "sha512-c3HJpD3NmJ8h/XInPzjXarchsnaBMoah1FADTiHdj4d3+IGJl2TsR1DqE7jjvEelZSCJUJ3MbiuunvhZJqMXdQ==",
      "requires": {
        "@rkusa/linebreak": "^1.0.0",
        "opentype.js": "^1.1.0",
        "pako": "^1.0.10",
        "readable-stream": "^3.4.0",
        "unorm": "^1.6.0",
        "uuid": "^3.3.3"
      }
    },
    "pdfreader": {
      "version": "1.0.6",
      "resolved": "https://registry.npmjs.org/pdfreader/-/pdfreader-1.0.6.tgz",
      "integrity": "sha512-BSGs9VPjfOoOwXGns/WU7ZOe83t12r3mTko6zVB7kYedAkC+HTa1iuG0KfgomHDEH+joRL7peXJvytcEXcda6w==",
      "requires": {
        "pdf2json": "^1.1.8"
      }
    },
    "readable-stream": {
      "version": "3.5.0",
      "resolved": "https://registry.npmjs.org/readable-stream/-/readable-stream-3.5.0.tgz",
      "integrity": "sha512-gSz026xs2LfxBPudDuI41V1lka8cxg64E66SGe78zJlsUofOg/yqwezdIcdfwik6B4h8LFmWPA9ef9X3FiNFLA==",
      "requires": {
        "inherits": "^2.0.3",
        "string_decoder": "^1.1.1",
        "util-deprecate": "^1.0.1"
      }
    },
    "safe-buffer": {
      "version": "5.2.0",
      "resolved": "https://registry.npmjs.org/safe-buffer/-/safe-buffer-5.2.0.tgz",
      "integrity": "sha512-fZEwUGbVl7kouZs1jCdMLdt95hdIv0ZeHg6L7qPeciMZhZ+/gdesW4wgTARkrFWEpspjEATAzUGPG8N2jJiwbg=="
    },
    "string.prototype.codepointat": {
      "version": "0.2.1",
      "resolved": "https://registry.npmjs.org/string.prototype.codepointat/-/string.prototype.codepointat-0.2.1.tgz",
      "integrity": "sha512-2cBVCj6I4IOvEnjgO/hWqXjqBGsY+zwPmHl12Srk9IXSZ56Jwwmy+66XO5Iut/oQVR7t5ihYdLB0GMa4alEUcg=="
    },
    "string_decoder": {
      "version": "1.3.0",
      "resolved": "https://registry.npmjs.org/string_decoder/-/string_decoder-1.3.0.tgz",
      "integrity": "sha512-hkRX8U1WjJFd8LsDJ2yQ/wWWxaopEsABU1XfkM8A+j0+85JAGppt16cr1Whg6KIbb4okU6Mql6BOj+uup/wKeA==",
      "requires": {
        "safe-buffer": "~5.2.0"
      }
    },
    "tiny-inflate": {
      "version": "1.0.3",
      "resolved": "https://registry.npmjs.org/tiny-inflate/-/tiny-inflate-1.0.3.tgz",
      "integrity": "sha512-pkY1fj1cKHb2seWDy0B16HeWyczlJA9/WW3u3c4z/NiWDsO3DOU5D7nhTLE9CF0yXv/QZFY7sEJmj24dK+Rrqw=="
    },
    "unicode-trie": {
      "version": "0.3.1",
      "resolved": "https://registry.npmjs.org/unicode-trie/-/unicode-trie-0.3.1.tgz",
      "integrity": "sha1-1nHd3YkQGgi6w3tqUWEBBgIFIIU=",
      "requires": {
        "pako": "^0.2.5",
        "tiny-inflate": "^1.0.0"
      },
      "dependencies": {
        "pako": {
          "version": "0.2.9",
          "resolved": "https://registry.npmjs.org/pako/-/pako-0.2.9.tgz",
          "integrity": "sha1-8/dSL073gjSNqBYbrZ7P1Rv4OnU="
        }
      }
    },
    "unorm": {
      "version": "1.6.0",
      "resolved": "https://registry.npmjs.org/unorm/-/unorm-1.6.0.tgz",
      "integrity": "sha512-b2/KCUlYZUeA7JFUuRJZPUtr4gZvBh7tavtv4fvk4+KV9pfGiR6CQAQAWl49ZpR3ts2dk4FYkP7EIgDJoiOLDA=="
    },
    "util-deprecate": {
      "version": "1.0.2",
      "resolved": "https://registry.npmjs.org/util-deprecate/-/util-deprecate-1.0.2.tgz",
      "integrity": "sha1-RQ1Nyfpw3nMnYvvS1KKJgUGaDM8="
    },
    "uuid": {
      "version": "3.4.0",
      "resolved": "https://registry.npmjs.org/uuid/-/uuid-3.4.0.tgz",
      "integrity": "sha512-HjSDRw6gZE5JMggctHBcjVak08+KEVhSIiDzFnT9S9aegmp85S/bReBVTb4QTFaRNptJ9kuYaNhnbNEOkbKb/A=="
    },
    "yargs": {
      "version": "1.3.3",
      "resolved": "https://registry.npmjs.org/yargs/-/yargs-1.3.3.tgz",
      "integrity": "sha1-BU3oth8i7v23IHBZ6u+da4P7kxo="
    }
  }
}
